<?xml version="1.0" encoding="utf-8"?>
<Project ToolsVersion="4.0" xmlns="http://schemas.microsoft.com/developer/msbuild/2003">
  <ItemGroup>
    <Filter Include="Source Files">
      <UniqueIdentifier>{73701814-a47a-4195-9e2a-5cd050f0a909}</UniqueIdentifier>
    </Filter>
    <Filter Include="Header Files">
      <UniqueIdentifier>{0bb0fa00-024a-4d6b-a634-9ba64c6c7613}</UniqueIdentifier>
    </Filter>
    <Filter Include="Source Files\Engine">
      <UniqueIdentifier>{d0efa1d0-e5a6-40e7-9116-71cc0bacdd3f}</UniqueIdentifier>
    </Filter>
    <Filter Include="Header Files\Engine">
      <UniqueIdentifier>{6ff4ed0b-6d9a-4055-981d-5fc29c392495}</UniqueIdentifier>
    </Filter>
    <Filter Include="Shaders">
      <UniqueIdentifier>{c5ea3ef4-c05d-45b8-9a04-fde113d73ba9}</UniqueIdentifier>
    </Filter>
    <Filter Include="Header Files\Engine\Shader Classes">
      <UniqueIdentifier>{eb8202fc-20fa-4e14-8869-1470aaa73c4e}</UniqueIdentifier>
    </Filter>
    <Filter Include="Source Files\Engine\Shader Classes">
      <UniqueIdentifier>{ca8e88a9-323d-4da0-b5ff-0b26eaad7b7e}</UniqueIdentifier>
    </Filter>
  </ItemGroup>
  <ItemGroup>
    <ClInclude Include="2DImage.h">
      <Filter>Header Files\Engine</Filter>
    </ClInclude>
    <ClInclude Include="Camera.h">
      <Filter>Header Files\Engine</Filter>
    </ClInclude>
    <ClInclude Include="Cube.h">
      <Filter>Header Files\Engine</Filter>
    </ClInclude>
    <ClInclude Include="D3D11.h">
      <Filter>Header Files\Engine</Filter>
    </ClInclude>
    <ClInclude Include="Engine.h">
      <Filter>Header Files\Engine</Filter>
    </ClInclude>
    <ClInclude Include="Frustum.h">
      <Filter>Header Files\Engine</Filter>
    </ClInclude>
    <ClInclude Include="GameFont.h">
      <Filter>Header Files\Engine</Filter>
    </ClInclude>
    <ClInclude Include="GameText.h">
      <Filter>Header Files\Engine</Filter>
    </ClInclude>
    <ClInclude Include="GameTimer.h">
      <Filter>Header Files\Engine</Filter>
    </ClInclude>
    <ClInclude Include="Graphics.h">
      <Filter>Header Files\Engine</Filter>
    </ClInclude>
    <ClInclude Include="Input.h">
      <Filter>Header Files\Engine</Filter>
    </ClInclude>
    <ClInclude Include="Light.h">
      <Filter>Header Files\Engine</Filter>
    </ClInclude>
    <ClInclude Include="Logger.h">
      <Filter>Header Files\Engine</Filter>
    </ClInclude>
    <ClInclude Include="Mesh.h">
      <Filter>Header Files\Engine</Filter>
    </ClInclude>
    <ClInclude Include="Model.h">
      <Filter>Header Files\Engine</Filter>
    </ClInclude>
    <ClInclude Include="ModelControl.h">
      <Filter>Header Files\Engine</Filter>
    </ClInclude>
    <ClInclude Include="Primitive.h">
      <Filter>Header Files\Engine</Filter>
    </ClInclude>
    <ClInclude Include="PrioEngineVars.h">
      <Filter>Header Files\Engine</Filter>
    </ClInclude>
    <ClInclude Include="Terrain.h">
      <Filter>Header Files\Engine</Filter>
    </ClInclude>
    <ClInclude Include="Texture.h">
      <Filter>Header Files\Engine</Filter>
    </ClInclude>
    <ClInclude Include="Triangle.h">
      <Filter>Header Files\Engine</Filter>
    </ClInclude>
    <ClInclude Include="VertexTypeManager.h">
      <Filter>Header Files\Engine</Filter>
    </ClInclude>
    <ClInclude Include="SkyBox.h">
      <Filter>Header Files\Engine</Filter>
    </ClInclude>
    <ClInclude Include="ColourShader.h">
      <Filter>Header Files\Engine\Shader Classes</Filter>
    </ClInclude>
    <ClInclude Include="DiffuseLightShader.h">
      <Filter>Header Files\Engine\Shader Classes</Filter>
    </ClInclude>
    <ClInclude Include="SpecularLightingShader.h">
      <Filter>Header Files\Engine\Shader Classes</Filter>
    </ClInclude>
    <ClInclude Include="FontShader.h">
      <Filter>Header Files\Engine\Shader Classes</Filter>
    </ClInclude>
    <ClInclude Include="TerrainShader.h">
      <Filter>Header Files\Engine\Shader Classes</Filter>
    </ClInclude>
    <ClInclude Include="TextureShader.h">
      <Filter>Header Files\Engine\Shader Classes</Filter>
    </ClInclude>
    <ClInclude Include="SkyboxShader.h">
      <Filter>Header Files\Engine\Shader Classes</Filter>
    </ClInclude>
    <ClInclude Include="Shader.h">
      <Filter>Header Files\Engine\Shader Classes</Filter>
    </ClInclude>
    <ClInclude Include="WaterShader.h">
      <Filter>Header Files\Engine\Shader Classes</Filter>
    </ClInclude>
    <ClInclude Include="RefractionShader.h">
      <Filter>Header Files\Engine\Shader Classes</Filter>
    </ClInclude>
    <ClInclude Include="Water.h">
      <Filter>Header Files\Engine</Filter>
    </ClInclude>
    <ClInclude Include="RenderTexture.h">
      <Filter>Header Files\Engine</Filter>
    </ClInclude>
  </ItemGroup>
  <ItemGroup>
    <ClCompile Include="Main.cpp">
      <Filter>Source Files</Filter>
    </ClCompile>
    <ClCompile Include="2DImage.cpp">
      <Filter>Source Files\Engine</Filter>
    </ClCompile>
    <ClCompile Include="Camera.cpp">
      <Filter>Source Files\Engine</Filter>
    </ClCompile>
    <ClCompile Include="Cube.cpp">
      <Filter>Source Files\Engine</Filter>
    </ClCompile>
    <ClCompile Include="D3D11.cpp">
      <Filter>Source Files\Engine</Filter>
    </ClCompile>
    <ClCompile Include="Engine.cpp">
      <Filter>Source Files\Engine</Filter>
    </ClCompile>
    <ClCompile Include="Frustum.cpp">
      <Filter>Source Files\Engine</Filter>
    </ClCompile>
    <ClCompile Include="GameFont.cpp">
      <Filter>Source Files\Engine</Filter>
    </ClCompile>
    <ClCompile Include="GameText.cpp">
      <Filter>Source Files\Engine</Filter>
    </ClCompile>
    <ClCompile Include="GameTimer.cpp">
      <Filter>Source Files\Engine</Filter>
    </ClCompile>
    <ClCompile Include="Graphics.cpp">
      <Filter>Source Files\Engine</Filter>
    </ClCompile>
    <ClCompile Include="Input.cpp">
      <Filter>Source Files\Engine</Filter>
    </ClCompile>
    <ClCompile Include="Light.cpp">
      <Filter>Source Files\Engine</Filter>
    </ClCompile>
    <ClCompile Include="Logger.cpp">
      <Filter>Source Files\Engine</Filter>
    </ClCompile>
    <ClCompile Include="Mesh.cpp">
      <Filter>Source Files\Engine</Filter>
    </ClCompile>
    <ClCompile Include="Model.cpp">
      <Filter>Source Files\Engine</Filter>
    </ClCompile>
    <ClCompile Include="ModelControl.cpp">
      <Filter>Source Files\Engine</Filter>
    </ClCompile>
    <ClCompile Include="Primitive.cpp">
      <Filter>Source Files\Engine</Filter>
    </ClCompile>
    <ClCompile Include="Terrain.cpp">
      <Filter>Source Files\Engine</Filter>
    </ClCompile>
    <ClCompile Include="Texture.cpp">
      <Filter>Source Files\Engine</Filter>
    </ClCompile>
    <ClCompile Include="Triangle.cpp">
      <Filter>Source Files\Engine</Filter>
    </ClCompile>
    <ClCompile Include="VertexTypeManager.cpp">
      <Filter>Source Files\Engine</Filter>
    </ClCompile>
    <ClCompile Include="SkyBox.cpp">
      <Filter>Source Files\Engine</Filter>
    </ClCompile>
    <ClCompile Include="ColourShader.cpp">
      <Filter>Source Files\Engine\Shader Classes</Filter>
    </ClCompile>
    <ClCompile Include="DiffuseLightShader.cpp">
      <Filter>Source Files\Engine\Shader Classes</Filter>
    </ClCompile>
    <ClCompile Include="FontShader.cpp">
      <Filter>Source Files\Engine\Shader Classes</Filter>
    </ClCompile>
    <ClCompile Include="SpecularLightingShader.cpp">
      <Filter>Source Files\Engine\Shader Classes</Filter>
    </ClCompile>
    <ClCompile Include="SkyboxShader.cpp">
      <Filter>Source Files\Engine\Shader Classes</Filter>
    </ClCompile>
    <ClCompile Include="TerrainShader.cpp">
      <Filter>Source Files\Engine\Shader Classes</Filter>
    </ClCompile>
    <ClCompile Include="TextureShader.cpp">
      <Filter>Source Files\Engine\Shader Classes</Filter>
    </ClCompile>
    <ClCompile Include="Shader.cpp">
      <Filter>Source Files\Engine\Shader Classes</Filter>
    </ClCompile>
    <ClCompile Include="WaterShader.cpp">
      <Filter>Source Files\Engine\Shader Classes</Filter>
    </ClCompile>
    <ClCompile Include="RefractionShader.cpp">
      <Filter>Source Files\Engine\Shader Classes</Filter>
    </ClCompile>
    <ClCompile Include="Water.cpp">
      <Filter>Source Files\Engine</Filter>
    </ClCompile>
    <ClCompile Include="RenderTexture.cpp">
      <Filter>Source Files\Engine</Filter>
    </ClCompile>
  </ItemGroup>
  <ItemGroup>
    <None Include="Shaders\Colour.ps.hlsl">
      <Filter>Shaders</Filter>
    </None>
    <None Include="Shaders\Colour.vs.hlsl">
      <Filter>Shaders</Filter>
    </None>
    <None Include="Shaders\DiffuseLight.ps.hlsl">
      <Filter>Shaders</Filter>
    </None>
    <None Include="Shaders\DiffuseLight.vs.hlsl">
      <Filter>Shaders</Filter>
    </None>
    <None Include="Shaders\Font.ps.hlsl">
      <Filter>Shaders</Filter>
    </None>
    <None Include="Shaders\Font.vs.hlsl">
      <Filter>Shaders</Filter>
    </None>
    <None Include="Shaders\SpecularLight.ps.hlsl">
      <Filter>Shaders</Filter>
    </None>
    <None Include="Shaders\SpecularLight.vs.hlsl">
      <Filter>Shaders</Filter>
    </None>
    <None Include="Shaders\Terrain.ps.hlsl">
      <Filter>Shaders</Filter>
    </None>
    <None Include="Shaders\Terrain.vs.hlsl">
      <Filter>Shaders</Filter>
    </None>
    <None Include="Shaders\Texture.ps.hlsl">
      <Filter>Shaders</Filter>
    </None>
    <None Include="Shaders\Texture.vs.hlsl">
      <Filter>Shaders</Filter>
    </None>
    <None Include="Shaders\Skybox.vs.hlsl">
      <Filter>Shaders</Filter>
    </None>
    <None Include="Shaders\Skybox.ps.hlsl">
      <Filter>Shaders</Filter>
    </None>
    <None Include="Shaders\Refraction.ps.hlsl">
      <Filter>Shaders</Filter>
    </None>
    <None Include="Shaders\Refraction.vs.hlsl">
      <Filter>Shaders</Filter>
    </None>
    <None Include="Shaders\Water.ps.hlsl">
      <Filter>Shaders</Filter>
    </None>
    <None Include="Shaders\Water.vs.hlsl">
      <Filter>Shaders</Filter>
    </None>
  </ItemGroup>
</Project>