<?xml version="1.0" encoding="utf-8"?>
<Project ToolsVersion="4.0" xmlns="http://schemas.microsoft.com/developer/msbuild/2003">
  <ItemGroup>
    <Filter Include="Header Files">
      <UniqueIdentifier>{93995380-89BD-4b04-88EB-625FBE52EBFB}</UniqueIdentifier>
      <Extensions>h;hh;hpp;hxx;hm;inl;inc;xsd</Extensions>
    </Filter>
    <Filter Include="Engine">
      <UniqueIdentifier>{33189332-57ee-4915-96bb-32c2309c4da3}</UniqueIdentifier>
    </Filter>
    <Filter Include="Engine\Source Files">
      <UniqueIdentifier>{4FC737F1-C7A5-4376-A066-2A32D752A2FF}</UniqueIdentifier>
      <Extensions>cpp;c;cc;cxx;def;odl;idl;hpj;bat;asm;asmx</Extensions>
    </Filter>
    <Filter Include="Engine\Source Files\Shader Class">
      <UniqueIdentifier>{9f5c6112-64c1-4e01-8bc0-3b9bc19d4c55}</UniqueIdentifier>
    </Filter>
    <Filter Include="Engine\Header Files">
      <UniqueIdentifier>{aa44bc0c-3452-47b4-9fc1-d06137770a88}</UniqueIdentifier>
    </Filter>
    <Filter Include="Resource Files">
      <UniqueIdentifier>{67DA6AB6-F800-4c08-8B7A-83BB121AAD01}</UniqueIdentifier>
      <Extensions>rc;ico;cur;bmp;dlg;rc2;rct;bin;rgs;gif;jpg;jpeg;jpe;resx;tiff;tif;png;wav;mfcribbon-ms</Extensions>
    </Filter>
    <Filter Include="Source Files">
      <UniqueIdentifier>{8e7ccecc-6402-4273-a2e9-528410393d65}</UniqueIdentifier>
    </Filter>
    <Filter Include="Engine\Header Files\Shader Class">
      <UniqueIdentifier>{52b10b1f-9001-4c56-a455-e2800f62a8b1}</UniqueIdentifier>
    </Filter>
    <Filter Include="Engine\Dependencies">
      <UniqueIdentifier>{0db77c1c-45af-45b9-a162-a2560b28cead}</UniqueIdentifier>
    </Filter>
    <Filter Include="Engine\Source Files\Pixel Shaders">
      <UniqueIdentifier>{a717d5c0-d338-4456-bd95-661875a3885b}</UniqueIdentifier>
    </Filter>
    <Filter Include="Engine\Source Files\Vertex Shaders">
      <UniqueIdentifier>{b6c4ae4f-ff83-49d0-8b0e-7db4c3d1935c}</UniqueIdentifier>
    </Filter>
    <Filter Include="Shaders">
      <UniqueIdentifier>{4eeda362-c921-4d18-a33b-b8ecd8dbb13e}</UniqueIdentifier>
    </Filter>
  </ItemGroup>
  <ItemGroup>
    <ClCompile Include="Engine\Camera.cpp">
      <Filter>Engine\Source Files</Filter>
    </ClCompile>
    <ClCompile Include="Engine\Cube.cpp">
      <Filter>Engine\Source Files</Filter>
    </ClCompile>
    <ClCompile Include="Engine\D3D11.cpp">
      <Filter>Engine\Source Files</Filter>
    </ClCompile>
    <ClCompile Include="Engine\Engine.cpp">
      <Filter>Engine\Source Files</Filter>
    </ClCompile>
    <ClCompile Include="Engine\GameTimer.cpp">
      <Filter>Engine\Source Files</Filter>
    </ClCompile>
    <ClCompile Include="Engine\Graphics.cpp">
      <Filter>Engine\Source Files</Filter>
    </ClCompile>
    <ClCompile Include="Engine\Input.cpp">
      <Filter>Engine\Source Files</Filter>
    </ClCompile>
    <ClCompile Include="Engine\Light.cpp">
      <Filter>Engine\Source Files</Filter>
    </ClCompile>
    <ClCompile Include="Engine\Logger.cpp">
      <Filter>Engine\Source Files</Filter>
    </ClCompile>
    <ClCompile Include="Engine\Mesh.cpp">
      <Filter>Engine\Source Files</Filter>
    </ClCompile>
    <ClCompile Include="Engine\Model.cpp">
      <Filter>Engine\Source Files</Filter>
    </ClCompile>
    <ClCompile Include="Engine\ModelControl.cpp">
      <Filter>Engine\Source Files</Filter>
    </ClCompile>
    <ClCompile Include="Engine\Primitive.cpp">
      <Filter>Engine\Source Files</Filter>
    </ClCompile>
    <ClCompile Include="Engine\Texture.cpp">
      <Filter>Engine\Source Files</Filter>
    </ClCompile>
    <ClCompile Include="Engine\Triangle.cpp">
      <Filter>Engine\Source Files</Filter>
    </ClCompile>
    <ClCompile Include="Engine\VertexTypeManager.cpp">
      <Filter>Engine\Source Files</Filter>
    </ClCompile>
    <ClCompile Include="Main.cpp">
      <Filter>Source Files</Filter>
    </ClCompile>
    <ClCompile Include="Engine\ColourShader.cpp">
      <Filter>Engine\Source Files\Shader Class</Filter>
    </ClCompile>
    <ClCompile Include="Engine\DiffuseLightShader.cpp">
      <Filter>Engine\Source Files\Shader Class</Filter>
    </ClCompile>
    <ClCompile Include="Engine\TextureShader.cpp">
      <Filter>Engine\Source Files\Shader Class</Filter>
    </ClCompile>
    <ClCompile Include="Engine\SpecularLightingShader.cpp">
      <Filter>Engine\Source Files\Shader Class</Filter>
    </ClCompile>
    <ClCompile Include="Engine\Terrain.cpp">
      <Filter>Engine\Source Files</Filter>
    </ClCompile>
  </ItemGroup>
  <ItemGroup>
    <None Include="Resources\Textures\Triangle.sam">
      <Filter>Resource Files</Filter>
    </None>
    <None Include="Resources\Models\Cube.obj">
      <Filter>Resource Files</Filter>
    </None>
    <None Include="Shaders\Colour.ps.hlsl">
      <Filter>Shaders</Filter>
    </None>
    <None Include="Shaders\Colour.vs.hlsl">
      <Filter>Shaders</Filter>
    </None>
    <None Include="Shaders\DiffuseLight.ps.hlsl">
      <Filter>Shaders</Filter>
    </None>
    <None Include="Shaders\DiffuseLight.vs.hlsl">
      <Filter>Shaders</Filter>
    </None>
    <None Include="Shaders\Texture.ps.hlsl">
      <Filter>Shaders</Filter>
    </None>
    <None Include="Shaders\Texture.vs.hlsl">
      <Filter>Shaders</Filter>
    </None>
    <None Include="Engine\Shaders\SpecularLight.vs.hlsl">
      <Filter>Shaders</Filter>
    </None>
    <None Include="Engine\Shaders\SpecularLight.ps.hlsl">
      <Filter>Shaders</Filter>
    </None>
  </ItemGroup>
  <ItemGroup>
    <Image Include="Resources\Textures\TriangleTex.dds">
      <Filter>Resource Files</Filter>
    </Image>
    <Image Include="Resources\Textures\TestTex.dds">
      <Filter>Resource Files</Filter>
    </Image>
  </ItemGroup>
  <ItemGroup>
    <ClInclude Include="Engine\Camera.h">
      <Filter>Engine\Header Files</Filter>
    </ClInclude>
    <ClInclude Include="Engine\Cube.h">
      <Filter>Engine\Header Files</Filter>
    </ClInclude>
    <ClInclude Include="Engine\D3D11.h">
      <Filter>Engine\Header Files</Filter>
    </ClInclude>
    <ClInclude Include="Engine\Engine.h">
      <Filter>Engine\Header Files</Filter>
    </ClInclude>
    <ClInclude Include="Engine\GameTimer.h">
      <Filter>Engine\Header Files</Filter>
    </ClInclude>
    <ClInclude Include="Engine\Graphics.h">
      <Filter>Engine\Header Files</Filter>
    </ClInclude>
    <ClInclude Include="Engine\Input.h">
      <Filter>Engine\Header Files</Filter>
    </ClInclude>
    <ClInclude Include="Engine\Light.h">
      <Filter>Engine\Header Files</Filter>
    </ClInclude>
    <ClInclude Include="Engine\Logger.h">
      <Filter>Engine\Header Files</Filter>
    </ClInclude>
    <ClInclude Include="Engine\Mesh.h">
      <Filter>Engine\Header Files</Filter>
    </ClInclude>
    <ClInclude Include="Engine\Model.h">
      <Filter>Engine\Header Files</Filter>
    </ClInclude>
    <ClInclude Include="Engine\ModelControl.h">
      <Filter>Engine\Header Files</Filter>
    </ClInclude>
    <ClInclude Include="Engine\Primitive.h">
      <Filter>Engine\Header Files</Filter>
    </ClInclude>
    <ClInclude Include="Engine\PrioEngineVars.h">
      <Filter>Engine\Header Files</Filter>
    </ClInclude>
    <ClInclude Include="Engine\Texture.h">
      <Filter>Engine\Header Files</Filter>
    </ClInclude>
    <ClInclude Include="Engine\Triangle.h">
      <Filter>Engine\Header Files</Filter>
    </ClInclude>
    <ClInclude Include="Engine\VertexTypeManager.h">
      <Filter>Engine\Header Files</Filter>
    </ClInclude>
    <ClInclude Include="Engine\DiffuseLightShader.h">
      <Filter>Engine\Header Files\Shader Class</Filter>
    </ClInclude>
    <ClInclude Include="Engine\ColourShader.h">
      <Filter>Engine\Header Files\Shader Class</Filter>
    </ClInclude>
    <ClInclude Include="Engine\TextureShader.h">
      <Filter>Engine\Header Files\Shader Class</Filter>
    </ClInclude>
    <ClInclude Include="Engine\SpecularLightingShader.h">
      <Filter>Engine\Header Files\Shader Class</Filter>
    </ClInclude>
    <ClInclude Include="Engine\Terrain.h">
      <Filter>Engine\Header Files</Filter>
    </ClInclude>
  </ItemGroup>
</Project>